
Microsoft Visual Studio Solution File, Format Version 12.00
# Visual Studio Version 17
VisualStudioVersion = 17.4.33213.308
MinimumVisualStudioVersion = 10.0.40219.1
Project("{FAE04EC0-301F-11D3-BF4B-00C04F79EFBC}") = "lab2_arch", "lab2_arch\lab2_arch.csproj", "{7A945808-C8E2-4053-B475-5FD3DBC28022}"
EndProject
Global
	GlobalSection(SolutionConfigurationPlatforms) = preSolution
		Debug|Any CPU = Debug|Any CPU
		Release|Any CPU = Release|Any CPU
	EndGlobalSection
	GlobalSection(ProjectConfigurationPlatforms) = postSolution
		{7A945808-C8E2-4053-B475-5FD3DBC28022}.Debug|Any CPU.ActiveCfg = Debug|Any CPU
		{7A945808-C8E2-4053-B475-5FD3DBC28022}.Debug|Any CPU.Build.0 = Debug|Any CPU
		{7A945808-C8E2-4053-B475-5FD3DBC28022}.Release|Any CPU.ActiveCfg = Release|Any CPU
		{7A945808-C8E2-4053-B475-5FD3DBC28022}.Release|Any CPU.Build.0 = Release|Any CPU
	EndGlobalSection
	GlobalSection(SolutionProperties) = preSolution
		HideSolutionNode = FALSE
	EndGlobalSection
	GlobalSection(ExtensibilityGlobals) = postSolution
		SolutionGuid = {A821CB04-735E-40F2-ABD3-187A59FC26BC}
	EndGlobalSection
EndGlobal
