
Microsoft Visual Studio Solution File, Format Version 12.00
# Visual Studio Version 17
VisualStudioVersion = 17.4.33213.308
MinimumVisualStudioVersion = 10.0.40219.1
Project("{FAE04EC0-301F-11D3-BF4B-00C04F79EFBC}") = "lab6", "lab6\lab6.csproj", "{A9FAFB5D-2099-4EE2-A31C-223C1FF4EBA7}"
EndProject
Global
	GlobalSection(SolutionConfigurationPlatforms) = preSolution
		Debug|Any CPU = Debug|Any CPU
		Release|Any CPU = Release|Any CPU
	EndGlobalSection
	GlobalSection(ProjectConfigurationPlatforms) = postSolution
		{A9FAFB5D-2099-4EE2-A31C-223C1FF4EBA7}.Debug|Any CPU.ActiveCfg = Debug|Any CPU
		{A9FAFB5D-2099-4EE2-A31C-223C1FF4EBA7}.Debug|Any CPU.Build.0 = Debug|Any CPU
		{A9FAFB5D-2099-4EE2-A31C-223C1FF4EBA7}.Release|Any CPU.ActiveCfg = Release|Any CPU
		{A9FAFB5D-2099-4EE2-A31C-223C1FF4EBA7}.Release|Any CPU.Build.0 = Release|Any CPU
	EndGlobalSection
	GlobalSection(SolutionProperties) = preSolution
		HideSolutionNode = FALSE
	EndGlobalSection
	GlobalSection(ExtensibilityGlobals) = postSolution
		SolutionGuid = {C3B243AA-FF8A-46D7-BC01-536D9CC026D2}
	EndGlobalSection
EndGlobal
